{
  "name": "webserver",
  "lockfileVersion": 3,
  "requires": true,
  "packages": {
    "": {
      "dependencies": {
        "cookie": "^0.5.0",
        "image-js": "^0.35.4",
        "nearest-color": "^0.4.4",
        "rate-limiter-flexible": "^3.0.0",
        "sharp": "^0.32.5",
        "uuid": "^9.0.1",
        "viewerjs": "^1.11.5"
      }
    },
    "node_modules/@babel/runtime": {
      "version": "7.22.15",
      "license": "MIT",
      "dependencies": {
        "regenerator-runtime": "^0.14.0"
      },
      "engines": {
        "node": ">=6.9.0"
      }
    },
    "node_modules/@swiftcarrot/color-fns": {
      "version": "3.2.0",
      "license": "MIT",
      "dependencies": {
        "@babel/runtime": "^7.10.3"
      }
    },
    "node_modules/@types/pako": {
      "version": "2.0.0",
      "license": "MIT"
    },
    "node_modules/b4a": {
      "version": "1.6.4",
      "license": "ISC"
    },
    "node_modules/base64-js": {
      "version": "1.5.1",
      "funding": [
        {
          "type": "github",
          "url": "https://github.com/sponsors/feross"
        },
        {
          "type": "patreon",
          "url": "https://www.patreon.com/feross"
        },
        {
          "type": "consulting",
          "url": "https://feross.org/support"
        }
      ],
      "license": "MIT"
    },
    "node_modules/bl": {
      "version": "4.1.0",
      "license": "MIT",
      "dependencies": {
        "buffer": "^5.5.0",
        "inherits": "^2.0.4",
        "readable-stream": "^3.4.0"
      }
    },
    "node_modules/blob-util": {
      "version": "2.0.2",
      "license": "Apache-2.0"
    },
    "node_modules/buffer": {
      "version": "5.7.1",
      "funding": [
        {
          "type": "github",
          "url": "https://github.com/sponsors/feross"
        },
        {
          "type": "patreon",
          "url": "https://www.patreon.com/feross"
        },
        {
          "type": "consulting",
          "url": "https://feross.org/support"
        }
      ],
      "license": "MIT",
      "dependencies": {
        "base64-js": "^1.3.1",
        "ieee754": "^1.1.13"
      }
    },
    "node_modules/canny-edge-detector": {
      "version": "1.0.0",
      "license": "MIT"
    },
    "node_modules/cheminfo-types": {
      "version": "1.7.2",
      "license": "MIT"
    },
    "node_modules/chownr": {
      "version": "1.1.4",
      "license": "ISC"
    },
    "node_modules/color": {
      "version": "4.2.3",
      "license": "MIT",
      "dependencies": {
        "color-convert": "^2.0.1",
        "color-string": "^1.9.0"
      },
      "engines": {
        "node": ">=12.5.0"
      }
    },
    "node_modules/color-convert": {
      "version": "2.0.1",
      "license": "MIT",
      "dependencies": {
        "color-name": "~1.1.4"
      },
      "engines": {
        "node": ">=7.0.0"
      }
    },
    "node_modules/color-name": {
      "version": "1.1.4",
      "license": "MIT"
    },
    "node_modules/color-string": {
      "version": "1.9.1",
      "license": "MIT",
      "dependencies": {
        "color-name": "^1.0.0",
        "simple-swizzle": "^0.2.2"
      }
    },
    "node_modules/cookie": {
      "version": "0.5.0",
      "license": "MIT",
      "engines": {
        "node": ">= 0.6"
      }
    },
    "node_modules/decompress-response": {
      "version": "6.0.0",
      "license": "MIT",
      "dependencies": {
        "mimic-response": "^3.1.0"
      },
      "engines": {
        "node": ">=10"
      },
      "funding": {
        "url": "https://github.com/sponsors/sindresorhus"
      }
    },
    "node_modules/deep-extend": {
      "version": "0.6.0",
      "license": "MIT",
      "engines": {
        "node": ">=4.0.0"
      }
    },
    "node_modules/detect-libc": {
      "version": "2.0.2",
      "license": "Apache-2.0",
      "engines": {
        "node": ">=8"
      }
    },
    "node_modules/end-of-stream": {
      "version": "1.4.4",
      "license": "MIT",
      "dependencies": {
        "once": "^1.4.0"
      }
    },
    "node_modules/expand-template": {
      "version": "2.0.3",
      "license": "(MIT OR WTFPL)",
      "engines": {
        "node": ">=6"
      }
    },
    "node_modules/fast-bmp": {
      "version": "2.0.1",
      "license": "MIT",
      "dependencies": {
        "iobuffer": "^5.1.0"
      }
    },
    "node_modules/fast-fifo": {
      "version": "1.3.2",
      "license": "MIT"
    },
    "node_modules/fast-jpeg": {
      "version": "1.0.1",
      "license": "MIT",
      "dependencies": {
        "iobuffer": "^2.1.0",
        "tiff": "^2.0.0"
      }
    },
    "node_modules/fast-jpeg/node_modules/iobuffer": {
      "version": "2.1.0",
      "license": "MIT"
    },
    "node_modules/fast-jpeg/node_modules/tiff": {
      "version": "2.1.0",
      "license": "MIT",
      "dependencies": {
        "iobuffer": "^2.1.0"
      }
    },
    "node_modules/fast-list": {
      "version": "1.0.3",
      "license": "ISC"
    },
    "node_modules/fast-png": {
      "version": "6.2.0",
      "license": "MIT",
      "dependencies": {
        "@types/pako": "^2.0.0",
        "iobuffer": "^5.3.2",
        "pako": "^2.1.0"
      }
    },
    "node_modules/fft.js": {
      "version": "4.0.4",
      "license": "MIT"
    },
    "node_modules/file-type": {
      "version": "10.11.0",
      "license": "MIT",
      "engines": {
        "node": ">=6"
      }
    },
    "node_modules/fs-constants": {
      "version": "1.0.0",
      "license": "MIT"
    },
    "node_modules/github-from-package": {
      "version": "0.0.0",
      "license": "MIT"
    },
    "node_modules/has-own": {
      "version": "1.0.1",
      "license": "MIT"
    },
    "node_modules/ieee754": {
      "version": "1.2.1",
      "funding": [
        {
          "type": "github",
          "url": "https://github.com/sponsors/feross"
        },
        {
          "type": "patreon",
          "url": "https://www.patreon.com/feross"
        },
        {
          "type": "consulting",
          "url": "https://feross.org/support"
        }
      ],
      "license": "BSD-3-Clause"
    },
    "node_modules/image-js": {
      "version": "0.35.4",
      "license": "MIT",
      "dependencies": {
        "@swiftcarrot/color-fns": "^3.2.0",
        "blob-util": "^2.0.2",
        "canny-edge-detector": "^1.0.0",
        "fast-bmp": "^2.0.1",
        "fast-jpeg": "^1.0.1",
        "fast-list": "^1.0.3",
        "fast-png": "^6.1.0",
        "has-own": "^1.0.1",
        "image-type": "^4.1.0",
        "is-array-type": "^1.0.0",
        "is-integer": "^1.0.7",
        "jpeg-js": "^0.4.3",
        "js-priority-queue": "^0.1.5",
        "js-quantities": "^1.7.6",
        "median-quickselect": "^1.0.1",
        "ml-convolution": "0.2.0",
        "ml-disjoint-set": "^1.0.0",
        "ml-matrix": "^6.8.0",
        "ml-matrix-convolution": "0.4.3",
        "ml-regression": "^5.0.0",
        "monotone-chain-convex-hull": "^1.0.0",
        "new-array": "^1.0.0",
        "robust-point-in-polygon": "^1.0.3",
        "tiff": "^5.0.2",
        "web-worker-manager": "^0.2.0"
      },
      "engines": {
        "node": ">= 12.0.0"
      }
    },
    "node_modules/image-type": {
      "version": "4.1.0",
      "license": "MIT",
      "dependencies": {
        "file-type": "^10.10.0"
      },
      "engines": {
        "node": ">=6"
      }
    },
    "node_modules/inherits": {
      "version": "2.0.4",
      "license": "ISC"
    },
    "node_modules/ini": {
      "version": "1.3.8",
      "license": "ISC"
    },
    "node_modules/iobuffer": {
      "version": "5.3.2",
      "license": "MIT"
    },
    "node_modules/is-any-array": {
      "version": "2.0.1",
      "license": "MIT"
    },
    "node_modules/is-array-type": {
      "version": "1.0.0",
      "license": "MIT"
    },
    "node_modules/is-arrayish": {
      "version": "0.3.2",
      "license": "MIT"
    },
    "node_modules/is-finite": {
      "version": "1.1.0",
      "license": "MIT",
      "engines": {
        "node": ">=0.10.0"
      },
      "funding": {
        "url": "https://github.com/sponsors/sindresorhus"
      }
    },
    "node_modules/is-integer": {
      "version": "1.0.7",
      "license": "WTFPL OR ISC",
      "dependencies": {
        "is-finite": "^1.0.0"
      }
    },
    "node_modules/jpeg-js": {
      "version": "0.4.4",
      "license": "BSD-3-Clause"
    },
    "node_modules/js-priority-queue": {
      "version": "0.1.5",
      "license": "Public Domain"
    },
    "node_modules/js-quantities": {
      "version": "1.8.0",
      "license": "MIT"
    },
    "node_modules/lru-cache": {
      "version": "6.0.0",
      "license": "ISC",
      "dependencies": {
        "yallist": "^4.0.0"
      },
      "engines": {
        "node": ">=10"
      }
    },
    "node_modules/median-quickselect": {
      "version": "1.0.1",
      "license": "ISC"
    },
    "node_modules/mimic-response": {
      "version": "3.1.0",
      "license": "MIT",
      "engines": {
        "node": ">=10"
      },
      "funding": {
        "url": "https://github.com/sponsors/sindresorhus"
      }
    },
    "node_modules/minimist": {
      "version": "1.2.8",
      "license": "MIT",
      "funding": {
        "url": "https://github.com/sponsors/ljharb"
      }
    },
    "node_modules/mkdirp-classic": {
      "version": "0.5.3",
      "license": "MIT"
    },
    "node_modules/ml-array-max": {
      "version": "1.2.4",
      "license": "MIT",
      "dependencies": {
        "is-any-array": "^2.0.0"
      }
    },
    "node_modules/ml-array-median": {
      "version": "1.1.6",
      "license": "MIT",
      "dependencies": {
        "is-any-array": "^2.0.0",
        "median-quickselect": "^1.0.1"
      }
    },
    "node_modules/ml-array-min": {
      "version": "1.2.3",
      "license": "MIT",
      "dependencies": {
        "is-any-array": "^2.0.0"
      }
    },
    "node_modules/ml-array-rescale": {
      "version": "1.3.7",
      "license": "MIT",
      "dependencies": {
        "is-any-array": "^2.0.0",
        "ml-array-max": "^1.2.4",
        "ml-array-min": "^1.2.3"
      }
    },
    "node_modules/ml-convolution": {
      "version": "0.2.0",
      "license": "MIT",
      "dependencies": {
        "fft.js": "^4.0.3",
        "next-power-of-two": "^1.0.0"
      }
    },
    "node_modules/ml-disjoint-set": {
      "version": "1.0.0",
      "license": "MIT"
    },
    "node_modules/ml-distance-euclidean": {
      "version": "2.0.0",
      "license": "MIT"
    },
    "node_modules/ml-fft": {
      "version": "1.3.5",
      "license": "MIT"
    },
    "node_modules/ml-kernel": {
      "version": "3.0.0",
      "license": "MIT",
      "dependencies": {
        "ml-distance-euclidean": "^2.0.0",
        "ml-kernel-gaussian": "^2.0.2",
        "ml-kernel-polynomial": "^2.0.1",
        "ml-kernel-sigmoid": "^1.0.1",
        "ml-matrix": "^6.1.2"
      }
    },
    "node_modules/ml-kernel-gaussian": {
      "version": "2.0.2",
      "license": "MIT",
      "dependencies": {
        "ml-distance-euclidean": "^2.0.0"
      }
    },
    "node_modules/ml-kernel-polynomial": {
      "version": "2.0.1",
      "license": "MIT"
    },
    "node_modules/ml-kernel-sigmoid": {
      "version": "1.0.1",
      "license": "MIT"
    },
    "node_modules/ml-matrix": {
      "version": "6.10.4",
      "license": "MIT",
      "dependencies": {
        "is-any-array": "^2.0.0",
        "ml-array-rescale": "^1.3.7"
      }
    },
    "node_modules/ml-matrix-convolution": {
      "version": "0.4.3",
      "license": "MIT",
      "dependencies": {
        "ml-fft": "1.3.5",
        "ml-stat": "^1.2.0"
      }
    },
    "node_modules/ml-regression": {
      "version": "5.0.0",
      "license": "MIT",
      "dependencies": {
        "ml-kernel": "^3.0.0",
        "ml-matrix": "^6.1.2",
        "ml-regression-base": "^2.0.1",
        "ml-regression-exponential": "^2.0.0",
        "ml-regression-multivariate-linear": "^2.0.2",
        "ml-regression-polynomial": "^2.0.0",
        "ml-regression-power": "^2.0.0",
        "ml-regression-robust-polynomial": "^2.0.0",
        "ml-regression-simple-linear": "^2.0.2",
        "ml-regression-theil-sen": "^2.0.0"
      }
    },
    "node_modules/ml-regression-base": {
      "version": "2.1.6",
      "license": "MIT",
      "dependencies": {
        "is-any-array": "^2.0.0"
      }
    },
    "node_modules/ml-regression-exponential": {
      "version": "2.1.0",
      "license": "MIT",
      "dependencies": {
        "ml-regression-base": "^2.1.3",
        "ml-regression-simple-linear": "^2.0.3"
      }
    },
    "node_modules/ml-regression-multivariate-linear": {
      "version": "2.0.4",
      "license": "MIT",
      "dependencies": {
        "ml-matrix": "^6.10.1"
      }
    },
    "node_modules/ml-regression-polynomial": {
      "version": "2.2.0",
      "license": "MIT",
      "dependencies": {
        "ml-matrix": "^6.8.0",
        "ml-regression-base": "^2.1.3"
      }
    },
    "node_modules/ml-regression-power": {
      "version": "2.0.0",
      "license": "MIT",
      "dependencies": {
        "ml-regression-base": "^2.0.1",
        "ml-regression-simple-linear": "^2.0.2"
      }
    },
    "node_modules/ml-regression-robust-polynomial": {
      "version": "2.0.1",
      "license": "MIT",
      "dependencies": {
        "ml-matrix": "^6.8.0",
        "ml-regression-base": "^2.1.3"
      }
    },
    "node_modules/ml-regression-simple-linear": {
      "version": "2.0.4",
      "license": "MIT",
      "dependencies": {
        "cheminfo-types": "^1.7.2",
        "ml-regression-base": "^3.0.0"
      }
    },
    "node_modules/ml-regression-simple-linear/node_modules/ml-regression-base": {
      "version": "3.0.0",
      "license": "MIT",
      "dependencies": {
        "cheminfo-types": "^1.7.2",
        "is-any-array": "^2.0.1"
      }
    },
    "node_modules/ml-regression-theil-sen": {
      "version": "2.0.0",
      "license": "MIT",
      "dependencies": {
        "ml-array-median": "^1.1.1",
        "ml-regression-base": "^2.0.1"
      }
    },
    "node_modules/ml-stat": {
      "version": "1.3.3",
      "license": "MIT"
    },
    "node_modules/monotone-chain-convex-hull": {
      "version": "1.1.0",
      "license": "MIT"
    },
    "node_modules/napi-build-utils": {
      "version": "1.0.2",
      "license": "MIT"
    },
    "node_modules/nearest-color": {
      "version": "0.4.4",
      "license": "MIT"
    },
    "node_modules/new-array": {
      "version": "1.0.0",
      "license": "MIT"
    },
    "node_modules/next-power-of-two": {
      "version": "1.0.0",
      "license": "MIT"
    },
    "node_modules/node-abi": {
      "version": "3.47.0",
      "license": "MIT",
      "dependencies": {
        "semver": "^7.3.5"
      },
      "engines": {
        "node": ">=10"
      }
    },
    "node_modules/node-addon-api": {
      "version": "6.1.0",
      "license": "MIT"
    },
    "node_modules/once": {
      "version": "1.4.0",
      "license": "ISC",
      "dependencies": {
        "wrappy": "1"
      }
    },
    "node_modules/pako": {
      "version": "2.1.0",
      "license": "(MIT AND Zlib)"
    },
    "node_modules/prebuild-install": {
      "version": "7.1.1",
      "license": "MIT",
      "dependencies": {
        "detect-libc": "^2.0.0",
        "expand-template": "^2.0.3",
        "github-from-package": "0.0.0",
        "minimist": "^1.2.3",
        "mkdirp-classic": "^0.5.3",
        "napi-build-utils": "^1.0.1",
        "node-abi": "^3.3.0",
        "pump": "^3.0.0",
        "rc": "^1.2.7",
        "simple-get": "^4.0.0",
        "tar-fs": "^2.0.0",
        "tunnel-agent": "^0.6.0"
      },
      "bin": {
        "prebuild-install": "bin.js"
      },
      "engines": {
        "node": ">=10"
      }
    },
    "node_modules/prebuild-install/node_modules/tar-fs": {
      "version": "2.1.1",
      "license": "MIT",
      "dependencies": {
        "chownr": "^1.1.1",
        "mkdirp-classic": "^0.5.2",
        "pump": "^3.0.0",
        "tar-stream": "^2.1.4"
      }
    },
    "node_modules/prebuild-install/node_modules/tar-fs/node_modules/tar-stream": {
      "version": "2.2.0",
      "license": "MIT",
      "dependencies": {
        "bl": "^4.0.3",
        "end-of-stream": "^1.4.1",
        "fs-constants": "^1.0.0",
        "inherits": "^2.0.3",
        "readable-stream": "^3.1.1"
      },
      "engines": {
        "node": ">=6"
      }
    },
    "node_modules/pump": {
      "version": "3.0.0",
      "license": "MIT",
      "dependencies": {
        "end-of-stream": "^1.1.0",
        "once": "^1.3.1"
      }
    },
    "node_modules/queue-tick": {
      "version": "1.0.1",
      "license": "MIT"
    },
    "node_modules/rate-limiter-flexible": {
      "version": "3.0.0",
      "license": "ISC"
    },
    "node_modules/rc": {
      "version": "1.2.8",
      "license": "(BSD-2-Clause OR MIT OR Apache-2.0)",
      "dependencies": {
        "deep-extend": "^0.6.0",
        "ini": "~1.3.0",
        "minimist": "^1.2.0",
        "strip-json-comments": "~2.0.1"
      },
      "bin": {
        "rc": "cli.js"
      }
    },
    "node_modules/readable-stream": {
      "version": "3.6.2",
      "license": "MIT",
      "dependencies": {
        "inherits": "^2.0.3",
        "string_decoder": "^1.1.1",
        "util-deprecate": "^1.0.1"
      },
      "engines": {
        "node": ">= 6"
      }
    },
    "node_modules/regenerator-runtime": {
      "version": "0.14.0",
      "license": "MIT"
    },
    "node_modules/robust-orientation": {
      "version": "1.2.1",
      "license": "MIT",
      "dependencies": {
        "robust-scale": "^1.0.2",
        "robust-subtract": "^1.0.0",
        "robust-sum": "^1.0.0",
        "two-product": "^1.0.2"
      }
    },
    "node_modules/robust-point-in-polygon": {
      "version": "1.0.3",
      "license": "MIT",
      "dependencies": {
        "robust-orientation": "^1.0.2"
      }
    },
    "node_modules/robust-scale": {
      "version": "1.0.2",
      "license": "MIT",
      "dependencies": {
        "two-product": "^1.0.2",
        "two-sum": "^1.0.0"
      }
    },
    "node_modules/robust-subtract": {
      "version": "1.0.0",
      "license": "MIT"
    },
    "node_modules/robust-sum": {
      "version": "1.0.0",
      "license": "MIT"
    },
    "node_modules/safe-buffer": {
      "version": "5.2.1",
      "funding": [
        {
          "type": "github",
          "url": "https://github.com/sponsors/feross"
        },
        {
          "type": "patreon",
          "url": "https://www.patreon.com/feross"
        },
        {
          "type": "consulting",
          "url": "https://feross.org/support"
        }
      ],
      "license": "MIT"
    },
    "node_modules/semver": {
      "version": "7.5.4",
      "license": "ISC",
      "dependencies": {
        "lru-cache": "^6.0.0"
      },
      "bin": {
        "semver": "bin/semver.js"
      },
      "engines": {
        "node": ">=10"
      }
    },
    "node_modules/sharp": {
      "version": "0.32.5",
      "resolved": "https://registry.npmjs.org/sharp/-/sharp-0.32.5.tgz",
      "integrity": "sha512-0dap3iysgDkNaPOaOL4X/0akdu0ma62GcdC2NBQ+93eqpePdDdr2/LM0sFdDSMmN7yS+odyZtPsb7tx/cYBKnQ==",
      "hasInstallScript": true,
      "dependencies": {
        "color": "^4.2.3",
        "detect-libc": "^2.0.2",
        "node-addon-api": "^6.1.0",
        "prebuild-install": "^7.1.1",
        "semver": "^7.5.4",
        "simple-get": "^4.0.1",
        "tar-fs": "^3.0.4",
        "tunnel-agent": "^0.6.0"
      },
      "engines": {
        "node": ">=14.15.0"
      },
      "funding": {
        "url": "https://opencollective.com/libvips"
      }
    },
    "node_modules/simple-concat": {
      "version": "1.0.1",
      "funding": [
        {
          "type": "github",
          "url": "https://github.com/sponsors/feross"
        },
        {
          "type": "patreon",
          "url": "https://www.patreon.com/feross"
        },
        {
          "type": "consulting",
          "url": "https://feross.org/support"
        }
      ],
      "license": "MIT"
    },
    "node_modules/simple-get": {
      "version": "4.0.1",
      "funding": [
        {
          "type": "github",
          "url": "https://github.com/sponsors/feross"
        },
        {
          "type": "patreon",
          "url": "https://www.patreon.com/feross"
        },
        {
          "type": "consulting",
          "url": "https://feross.org/support"
        }
      ],
      "license": "MIT",
      "dependencies": {
        "decompress-response": "^6.0.0",
        "once": "^1.3.1",
        "simple-concat": "^1.0.0"
      }
    },
    "node_modules/simple-swizzle": {
      "version": "0.2.2",
      "license": "MIT",
      "dependencies": {
        "is-arrayish": "^0.3.1"
      }
    },
    "node_modules/streamx": {
      "version": "2.15.1",
      "license": "MIT",
      "dependencies": {
        "fast-fifo": "^1.1.0",
        "queue-tick": "^1.0.1"
      }
    },
    "node_modules/string_decoder": {
      "version": "1.3.0",
      "license": "MIT",
      "dependencies": {
        "safe-buffer": "~5.2.0"
      }
    },
    "node_modules/strip-json-comments": {
      "version": "2.0.1",
      "license": "MIT",
      "engines": {
        "node": ">=0.10.0"
      }
    },
    "node_modules/tar-fs": {
      "version": "3.0.4",
      "license": "MIT",
      "dependencies": {
        "mkdirp-classic": "^0.5.2",
        "pump": "^3.0.0",
        "tar-stream": "^3.1.5"
      }
    },
    "node_modules/tar-stream": {
      "version": "3.1.6",
      "license": "MIT",
      "dependencies": {
        "b4a": "^1.6.4",
        "fast-fifo": "^1.2.0",
        "streamx": "^2.15.0"
      }
    },
    "node_modules/tiff": {
      "version": "5.0.3",
      "license": "MIT",
      "dependencies": {
        "iobuffer": "^5.0.4",
        "pako": "^2.0.4"
      }
    },
    "node_modules/tunnel-agent": {
      "version": "0.6.0",
      "license": "Apache-2.0",
      "dependencies": {
        "safe-buffer": "^5.0.1"
      },
      "engines": {
        "node": "*"
      }
    },
    "node_modules/two-product": {
      "version": "1.0.2",
      "license": "MIT"
    },
    "node_modules/two-sum": {
      "version": "1.0.0",
      "license": "MIT"
    },
    "node_modules/util-deprecate": {
      "version": "1.0.2",
      "license": "MIT"
    },
    "node_modules/uuid": {
      "version": "9.0.1",
      "funding": [
        "https://github.com/sponsors/broofa",
        "https://github.com/sponsors/ctavan"
      ],
      "license": "MIT",
      "bin": {
        "uuid": "dist/bin/uuid"
      }
    },
    "node_modules/viewerjs": {
      "version": "1.11.5",
      "license": "MIT"
    },
    "node_modules/web-worker-manager": {
      "version": "0.2.0",
      "license": "MIT"
    },
    "node_modules/wrappy": {
      "version": "1.0.2",
      "license": "ISC"
    },
    "node_modules/yallist": {
      "version": "4.0.0",
      "license": "ISC"
    }
  }
}
